
Microsoft Visual Studio Solution File, Format Version 12.00
# Visual Studio 2013
VisualStudioVersion = 12.0.40629.0
MinimumVisualStudioVersion = 10.0.40219.1
Project("{FAE04EC0-301F-11D3-BF4B-00C04F79EFBC}") = "ZipMaker", "ZipMaker.csproj", "{CD1861DE-DE8F-428F-A27F-D648305F6CDC}"
EndProject
Project("{6141683F-8A12-4E36-9623-2EB02B2C2303}") = "Setup2", "..\Setup2\Setup2.isproj", "{B1241ABD-F5C6-409B-A2BF-71BF8837321E}"
EndProject
Global
	GlobalSection(SolutionConfigurationPlatforms) = preSolution
		CD_ROM|Any CPU = CD_ROM|Any CPU
		Debug|Any CPU = Debug|Any CPU
		DVD-5|Any CPU = DVD-5|Any CPU
		Release|Any CPU = Release|Any CPU
		SingleImage|Any CPU = SingleImage|Any CPU
	EndGlobalSection
	GlobalSection(ProjectConfigurationPlatforms) = postSolution
		{CD1861DE-DE8F-428F-A27F-D648305F6CDC}.CD_ROM|Any CPU.ActiveCfg = Release|Any CPU
		{CD1861DE-DE8F-428F-A27F-D648305F6CDC}.CD_ROM|Any CPU.Build.0 = Release|Any CPU
		{CD1861DE-DE8F-428F-A27F-D648305F6CDC}.Debug|Any CPU.ActiveCfg = Debug|Any CPU
		{CD1861DE-DE8F-428F-A27F-D648305F6CDC}.Debug|Any CPU.Build.0 = Debug|Any CPU
		{CD1861DE-DE8F-428F-A27F-D648305F6CDC}.DVD-5|Any CPU.ActiveCfg = Debug|Any CPU
		{CD1861DE-DE8F-428F-A27F-D648305F6CDC}.DVD-5|Any CPU.Build.0 = Debug|Any CPU
		{CD1861DE-DE8F-428F-A27F-D648305F6CDC}.Release|Any CPU.ActiveCfg = Release|Any CPU
		{CD1861DE-DE8F-428F-A27F-D648305F6CDC}.Release|Any CPU.Build.0 = Release|Any CPU
		{CD1861DE-DE8F-428F-A27F-D648305F6CDC}.SingleImage|Any CPU.ActiveCfg = Release|Any CPU
		{CD1861DE-DE8F-428F-A27F-D648305F6CDC}.SingleImage|Any CPU.Build.0 = Release|Any CPU
		{B1241ABD-F5C6-409B-A2BF-71BF8837321E}.CD_ROM|Any CPU.ActiveCfg = CD_ROM
		{B1241ABD-F5C6-409B-A2BF-71BF8837321E}.CD_ROM|Any CPU.Build.0 = CD_ROM
		{B1241ABD-F5C6-409B-A2BF-71BF8837321E}.Debug|Any CPU.ActiveCfg = DVD-5
		{B1241ABD-F5C6-409B-A2BF-71BF8837321E}.Debug|Any CPU.Build.0 = DVD-5
		{B1241ABD-F5C6-409B-A2BF-71BF8837321E}.DVD-5|Any CPU.ActiveCfg = DVD-5
		{B1241ABD-F5C6-409B-A2BF-71BF8837321E}.DVD-5|Any CPU.Build.0 = DVD-5
		{B1241ABD-F5C6-409B-A2BF-71BF8837321E}.Release|Any CPU.ActiveCfg = SingleImage
		{B1241ABD-F5C6-409B-A2BF-71BF8837321E}.Release|Any CPU.Build.0 = SingleImage
		{B1241ABD-F5C6-409B-A2BF-71BF8837321E}.SingleImage|Any CPU.ActiveCfg = SingleImage
		{B1241ABD-F5C6-409B-A2BF-71BF8837321E}.SingleImage|Any CPU.Build.0 = SingleImage
	EndGlobalSection
	GlobalSection(SolutionProperties) = preSolution
		HideSolutionNode = FALSE
	EndGlobalSection
EndGlobal
